
Microsoft Visual Studio Solution File, Format Version 12.00
# Visual Studio Version 16
VisualStudioVersion = 16.0.30717.126
MinimumVisualStudioVersion = 10.0.40219.1
Project("{FAE04EC0-301F-11D3-BF4B-00C04F79EFBC}") = "HelloWorld", "HelloWorld.csproj", "{E70903ED-610C-4B09-9B12-5AED2C0EAE87}"
EndProject
Global
	GlobalSection(SolutionConfigurationPlatforms) = preSolution
		Debug|ARM = Debug|ARM
		Debug|ARM64 = Debug|ARM64
		Debug|x64 = Debug|x64
		Debug|x86 = Debug|x86
		Release|ARM = Release|ARM
		Release|ARM64 = Release|ARM64
		Release|x64 = Release|x64
		Release|x86 = Release|x86
	EndGlobalSection
	GlobalSection(ProjectConfigurationPlatforms) = postSolution
		{E70903ED-610C-4B09-9B12-5AED2C0EAE87}.Debug|ARM.ActiveCfg = Debug|ARM
		{E70903ED-610C-4B09-9B12-5AED2C0EAE87}.Debug|ARM.Build.0 = Debug|ARM
		{E70903ED-610C-4B09-9B12-5AED2C0EAE87}.Debug|ARM.Deploy.0 = Debug|ARM
		{E70903ED-610C-4B09-9B12-5AED2C0EAE87}.Debug|ARM64.ActiveCfg = Debug|ARM64
		{E70903ED-610C-4B09-9B12-5AED2C0EAE87}.Debug|ARM64.Build.0 = Debug|ARM64
		{E70903ED-610C-4B09-9B12-5AED2C0EAE87}.Debug|ARM64.Deploy.0 = Debug|ARM64
		{E70903ED-610C-4B09-9B12-5AED2C0EAE87}.Debug|x64.ActiveCfg = Debug|x64
		{E70903ED-610C-4B09-9B12-5AED2C0EAE87}.Debug|x64.Build.0 = Debug|x64
		{E70903ED-610C-4B09-9B12-5AED2C0EAE87}.Debug|x64.Deploy.0 = Debug|x64
		{E70903ED-610C-4B09-9B12-5AED2C0EAE87}.Debug|x86.ActiveCfg = Debug|x86
		{E70903ED-610C-4B09-9B12-5AED2C0EAE87}.Debug|x86.Build.0 = Debug|x86
		{E70903ED-610C-4B09-9B12-5AED2C0EAE87}.Debug|x86.Deploy.0 = Debug|x86
		{E70903ED-610C-4B09-9B12-5AED2C0EAE87}.Release|ARM.ActiveCfg = Release|ARM
		{E70903ED-610C-4B09-9B12-5AED2C0EAE87}.Release|ARM.Build.0 = Release|ARM
		{E70903ED-610C-4B09-9B12-5AED2C0EAE87}.Release|ARM.Deploy.0 = Release|ARM
		{E70903ED-610C-4B09-9B12-5AED2C0EAE87}.Release|ARM64.ActiveCfg = Release|ARM64
		{E70903ED-610C-4B09-9B12-5AED2C0EAE87}.Release|ARM64.Build.0 = Release|ARM64
		{E70903ED-610C-4B09-9B12-5AED2C0EAE87}.Release|ARM64.Deploy.0 = Release|ARM64
		{E70903ED-610C-4B09-9B12-5AED2C0EAE87}.Release|x64.ActiveCfg = Release|x64
		{E70903ED-610C-4B09-9B12-5AED2C0EAE87}.Release|x64.Build.0 = Release|x64
		{E70903ED-610C-4B09-9B12-5AED2C0EAE87}.Release|x64.Deploy.0 = Release|x64
		{E70903ED-610C-4B09-9B12-5AED2C0EAE87}.Release|x86.ActiveCfg = Release|x86
		{E70903ED-610C-4B09-9B12-5AED2C0EAE87}.Release|x86.Build.0 = Release|x86
		{E70903ED-610C-4B09-9B12-5AED2C0EAE87}.Release|x86.Deploy.0 = Release|x86
	EndGlobalSection
	GlobalSection(SolutionProperties) = preSolution
		HideSolutionNode = FALSE
	EndGlobalSection
	GlobalSection(ExtensibilityGlobals) = postSolution
		SolutionGuid = {A79DC7F6-B661-4532-9C36-CF36316DDA2C}
	EndGlobalSection
EndGlobal
