
Microsoft Visual Studio Solution File, Format Version 12.00
# Visual Studio Version 16
VisualStudioVersion = 16.0.30717.126
MinimumVisualStudioVersion = 10.0.40219.1
Project("{FAE04EC0-301F-11D3-BF4B-00C04F79EFBC}") = "IntroCSharp", "IntroCSharp.csproj", "{F17F4554-C59F-48D2-9D5E-61178935B962}"
EndProject
Global
	GlobalSection(SolutionConfigurationPlatforms) = preSolution
		Debug|ARM = Debug|ARM
		Debug|ARM64 = Debug|ARM64
		Debug|x64 = Debug|x64
		Debug|x86 = Debug|x86
		Release|ARM = Release|ARM
		Release|ARM64 = Release|ARM64
		Release|x64 = Release|x64
		Release|x86 = Release|x86
	EndGlobalSection
	GlobalSection(ProjectConfigurationPlatforms) = postSolution
		{F17F4554-C59F-48D2-9D5E-61178935B962}.Debug|ARM.ActiveCfg = Debug|ARM
		{F17F4554-C59F-48D2-9D5E-61178935B962}.Debug|ARM.Build.0 = Debug|ARM
		{F17F4554-C59F-48D2-9D5E-61178935B962}.Debug|ARM.Deploy.0 = Debug|ARM
		{F17F4554-C59F-48D2-9D5E-61178935B962}.Debug|ARM64.ActiveCfg = Debug|ARM64
		{F17F4554-C59F-48D2-9D5E-61178935B962}.Debug|ARM64.Build.0 = Debug|ARM64
		{F17F4554-C59F-48D2-9D5E-61178935B962}.Debug|ARM64.Deploy.0 = Debug|ARM64
		{F17F4554-C59F-48D2-9D5E-61178935B962}.Debug|x64.ActiveCfg = Debug|x64
		{F17F4554-C59F-48D2-9D5E-61178935B962}.Debug|x64.Build.0 = Debug|x64
		{F17F4554-C59F-48D2-9D5E-61178935B962}.Debug|x64.Deploy.0 = Debug|x64
		{F17F4554-C59F-48D2-9D5E-61178935B962}.Debug|x86.ActiveCfg = Debug|x86
		{F17F4554-C59F-48D2-9D5E-61178935B962}.Debug|x86.Build.0 = Debug|x86
		{F17F4554-C59F-48D2-9D5E-61178935B962}.Debug|x86.Deploy.0 = Debug|x86
		{F17F4554-C59F-48D2-9D5E-61178935B962}.Release|ARM.ActiveCfg = Release|ARM
		{F17F4554-C59F-48D2-9D5E-61178935B962}.Release|ARM.Build.0 = Release|ARM
		{F17F4554-C59F-48D2-9D5E-61178935B962}.Release|ARM.Deploy.0 = Release|ARM
		{F17F4554-C59F-48D2-9D5E-61178935B962}.Release|ARM64.ActiveCfg = Release|ARM64
		{F17F4554-C59F-48D2-9D5E-61178935B962}.Release|ARM64.Build.0 = Release|ARM64
		{F17F4554-C59F-48D2-9D5E-61178935B962}.Release|ARM64.Deploy.0 = Release|ARM64
		{F17F4554-C59F-48D2-9D5E-61178935B962}.Release|x64.ActiveCfg = Release|x64
		{F17F4554-C59F-48D2-9D5E-61178935B962}.Release|x64.Build.0 = Release|x64
		{F17F4554-C59F-48D2-9D5E-61178935B962}.Release|x64.Deploy.0 = Release|x64
		{F17F4554-C59F-48D2-9D5E-61178935B962}.Release|x86.ActiveCfg = Release|x86
		{F17F4554-C59F-48D2-9D5E-61178935B962}.Release|x86.Build.0 = Release|x86
		{F17F4554-C59F-48D2-9D5E-61178935B962}.Release|x86.Deploy.0 = Release|x86
	EndGlobalSection
	GlobalSection(SolutionProperties) = preSolution
		HideSolutionNode = FALSE
	EndGlobalSection
	GlobalSection(ExtensibilityGlobals) = postSolution
		SolutionGuid = {9B0BFF0C-A8EC-4D87-84E2-2F6B320637D6}
	EndGlobalSection
EndGlobal
