
Microsoft Visual Studio Solution File, Format Version 12.00
# Visual Studio Version 16
VisualStudioVersion = 16.0.30717.126
MinimumVisualStudioVersion = 10.0.40219.1
Project("{FAE04EC0-301F-11D3-BF4B-00C04F79EFBC}") = "Calculadora", "Calculadora\Calculadora.csproj", "{06FFCAF4-E5BC-4923-9377-644B1651F008}"
EndProject
Project("{FAE04EC0-301F-11D3-BF4B-00C04F79EFBC}") = "UnitTestProject", "UnitTestProject\UnitTestProject.csproj", "{5A2E5F6A-BAB6-447A-84BD-E6A832B4B6F2}"
EndProject
Project("{FAE04EC0-301F-11D3-BF4B-00C04F79EFBC}") = "CalculadoraLib", "CalculadoraLib\CalculadoraLib.csproj", "{54252487-F66B-4C12-9FBE-A671E98C00A2}"
EndProject
Project("{930C7802-8A8C-48F9-8165-68863BCCD9DD}") = "SetupProject", "SetupProject\SetupProject.wixproj", "{96EA64FF-3FD1-4E9B-8855-0D9FAD73726B}"
EndProject
Global
	GlobalSection(SolutionConfigurationPlatforms) = preSolution
		Debug|Any CPU = Debug|Any CPU
		Debug|ARM = Debug|ARM
		Debug|ARM64 = Debug|ARM64
		Debug|Mixed Platforms = Debug|Mixed Platforms
		Debug|x64 = Debug|x64
		Debug|x86 = Debug|x86
		Release|Any CPU = Release|Any CPU
		Release|ARM = Release|ARM
		Release|ARM64 = Release|ARM64
		Release|Mixed Platforms = Release|Mixed Platforms
		Release|x64 = Release|x64
		Release|x86 = Release|x86
	EndGlobalSection
	GlobalSection(ProjectConfigurationPlatforms) = postSolution
		{06FFCAF4-E5BC-4923-9377-644B1651F008}.Debug|Any CPU.ActiveCfg = Debug|Any CPU
		{06FFCAF4-E5BC-4923-9377-644B1651F008}.Debug|Any CPU.Build.0 = Debug|Any CPU
		{06FFCAF4-E5BC-4923-9377-644B1651F008}.Debug|ARM.ActiveCfg = Debug|Any CPU
		{06FFCAF4-E5BC-4923-9377-644B1651F008}.Debug|ARM.Build.0 = Debug|Any CPU
		{06FFCAF4-E5BC-4923-9377-644B1651F008}.Debug|ARM64.ActiveCfg = Debug|Any CPU
		{06FFCAF4-E5BC-4923-9377-644B1651F008}.Debug|ARM64.Build.0 = Debug|Any CPU
		{06FFCAF4-E5BC-4923-9377-644B1651F008}.Debug|Mixed Platforms.ActiveCfg = Debug|Any CPU
		{06FFCAF4-E5BC-4923-9377-644B1651F008}.Debug|Mixed Platforms.Build.0 = Debug|Any CPU
		{06FFCAF4-E5BC-4923-9377-644B1651F008}.Debug|x64.ActiveCfg = Debug|Any CPU
		{06FFCAF4-E5BC-4923-9377-644B1651F008}.Debug|x64.Build.0 = Debug|Any CPU
		{06FFCAF4-E5BC-4923-9377-644B1651F008}.Debug|x86.ActiveCfg = Debug|Any CPU
		{06FFCAF4-E5BC-4923-9377-644B1651F008}.Debug|x86.Build.0 = Debug|Any CPU
		{06FFCAF4-E5BC-4923-9377-644B1651F008}.Release|Any CPU.ActiveCfg = Release|Any CPU
		{06FFCAF4-E5BC-4923-9377-644B1651F008}.Release|Any CPU.Build.0 = Release|Any CPU
		{06FFCAF4-E5BC-4923-9377-644B1651F008}.Release|ARM.ActiveCfg = Release|Any CPU
		{06FFCAF4-E5BC-4923-9377-644B1651F008}.Release|ARM.Build.0 = Release|Any CPU
		{06FFCAF4-E5BC-4923-9377-644B1651F008}.Release|ARM64.ActiveCfg = Release|Any CPU
		{06FFCAF4-E5BC-4923-9377-644B1651F008}.Release|ARM64.Build.0 = Release|Any CPU
		{06FFCAF4-E5BC-4923-9377-644B1651F008}.Release|Mixed Platforms.ActiveCfg = Release|Any CPU
		{06FFCAF4-E5BC-4923-9377-644B1651F008}.Release|Mixed Platforms.Build.0 = Release|Any CPU
		{06FFCAF4-E5BC-4923-9377-644B1651F008}.Release|x64.ActiveCfg = Release|Any CPU
		{06FFCAF4-E5BC-4923-9377-644B1651F008}.Release|x64.Build.0 = Release|Any CPU
		{06FFCAF4-E5BC-4923-9377-644B1651F008}.Release|x86.ActiveCfg = Release|Any CPU
		{06FFCAF4-E5BC-4923-9377-644B1651F008}.Release|x86.Build.0 = Release|Any CPU
		{5A2E5F6A-BAB6-447A-84BD-E6A832B4B6F2}.Debug|Any CPU.ActiveCfg = Debug|Any CPU
		{5A2E5F6A-BAB6-447A-84BD-E6A832B4B6F2}.Debug|Any CPU.Build.0 = Debug|Any CPU
		{5A2E5F6A-BAB6-447A-84BD-E6A832B4B6F2}.Debug|ARM.ActiveCfg = Debug|Any CPU
		{5A2E5F6A-BAB6-447A-84BD-E6A832B4B6F2}.Debug|ARM.Build.0 = Debug|Any CPU
		{5A2E5F6A-BAB6-447A-84BD-E6A832B4B6F2}.Debug|ARM64.ActiveCfg = Debug|Any CPU
		{5A2E5F6A-BAB6-447A-84BD-E6A832B4B6F2}.Debug|ARM64.Build.0 = Debug|Any CPU
		{5A2E5F6A-BAB6-447A-84BD-E6A832B4B6F2}.Debug|Mixed Platforms.ActiveCfg = Debug|Any CPU
		{5A2E5F6A-BAB6-447A-84BD-E6A832B4B6F2}.Debug|Mixed Platforms.Build.0 = Debug|Any CPU
		{5A2E5F6A-BAB6-447A-84BD-E6A832B4B6F2}.Debug|x64.ActiveCfg = Debug|Any CPU
		{5A2E5F6A-BAB6-447A-84BD-E6A832B4B6F2}.Debug|x64.Build.0 = Debug|Any CPU
		{5A2E5F6A-BAB6-447A-84BD-E6A832B4B6F2}.Debug|x86.ActiveCfg = Debug|Any CPU
		{5A2E5F6A-BAB6-447A-84BD-E6A832B4B6F2}.Debug|x86.Build.0 = Debug|Any CPU
		{5A2E5F6A-BAB6-447A-84BD-E6A832B4B6F2}.Release|Any CPU.ActiveCfg = Release|Any CPU
		{5A2E5F6A-BAB6-447A-84BD-E6A832B4B6F2}.Release|Any CPU.Build.0 = Release|Any CPU
		{5A2E5F6A-BAB6-447A-84BD-E6A832B4B6F2}.Release|ARM.ActiveCfg = Release|Any CPU
		{5A2E5F6A-BAB6-447A-84BD-E6A832B4B6F2}.Release|ARM.Build.0 = Release|Any CPU
		{5A2E5F6A-BAB6-447A-84BD-E6A832B4B6F2}.Release|ARM64.ActiveCfg = Release|Any CPU
		{5A2E5F6A-BAB6-447A-84BD-E6A832B4B6F2}.Release|ARM64.Build.0 = Release|Any CPU
		{5A2E5F6A-BAB6-447A-84BD-E6A832B4B6F2}.Release|Mixed Platforms.ActiveCfg = Release|Any CPU
		{5A2E5F6A-BAB6-447A-84BD-E6A832B4B6F2}.Release|Mixed Platforms.Build.0 = Release|Any CPU
		{5A2E5F6A-BAB6-447A-84BD-E6A832B4B6F2}.Release|x64.ActiveCfg = Release|Any CPU
		{5A2E5F6A-BAB6-447A-84BD-E6A832B4B6F2}.Release|x64.Build.0 = Release|Any CPU
		{5A2E5F6A-BAB6-447A-84BD-E6A832B4B6F2}.Release|x86.ActiveCfg = Release|Any CPU
		{5A2E5F6A-BAB6-447A-84BD-E6A832B4B6F2}.Release|x86.Build.0 = Release|Any CPU
		{54252487-F66B-4C12-9FBE-A671E98C00A2}.Debug|Any CPU.ActiveCfg = Debug|Any CPU
		{54252487-F66B-4C12-9FBE-A671E98C00A2}.Debug|Any CPU.Build.0 = Debug|Any CPU
		{54252487-F66B-4C12-9FBE-A671E98C00A2}.Debug|ARM.ActiveCfg = Debug|Any CPU
		{54252487-F66B-4C12-9FBE-A671E98C00A2}.Debug|ARM.Build.0 = Debug|Any CPU
		{54252487-F66B-4C12-9FBE-A671E98C00A2}.Debug|ARM64.ActiveCfg = Debug|Any CPU
		{54252487-F66B-4C12-9FBE-A671E98C00A2}.Debug|ARM64.Build.0 = Debug|Any CPU
		{54252487-F66B-4C12-9FBE-A671E98C00A2}.Debug|Mixed Platforms.ActiveCfg = Debug|Any CPU
		{54252487-F66B-4C12-9FBE-A671E98C00A2}.Debug|Mixed Platforms.Build.0 = Debug|Any CPU
		{54252487-F66B-4C12-9FBE-A671E98C00A2}.Debug|x64.ActiveCfg = Debug|Any CPU
		{54252487-F66B-4C12-9FBE-A671E98C00A2}.Debug|x64.Build.0 = Debug|Any CPU
		{54252487-F66B-4C12-9FBE-A671E98C00A2}.Debug|x86.ActiveCfg = Debug|Any CPU
		{54252487-F66B-4C12-9FBE-A671E98C00A2}.Debug|x86.Build.0 = Debug|Any CPU
		{54252487-F66B-4C12-9FBE-A671E98C00A2}.Release|Any CPU.ActiveCfg = Release|Any CPU
		{54252487-F66B-4C12-9FBE-A671E98C00A2}.Release|Any CPU.Build.0 = Release|Any CPU
		{54252487-F66B-4C12-9FBE-A671E98C00A2}.Release|ARM.ActiveCfg = Release|Any CPU
		{54252487-F66B-4C12-9FBE-A671E98C00A2}.Release|ARM.Build.0 = Release|Any CPU
		{54252487-F66B-4C12-9FBE-A671E98C00A2}.Release|ARM64.ActiveCfg = Release|Any CPU
		{54252487-F66B-4C12-9FBE-A671E98C00A2}.Release|ARM64.Build.0 = Release|Any CPU
		{54252487-F66B-4C12-9FBE-A671E98C00A2}.Release|Mixed Platforms.ActiveCfg = Release|Any CPU
		{54252487-F66B-4C12-9FBE-A671E98C00A2}.Release|Mixed Platforms.Build.0 = Release|Any CPU
		{54252487-F66B-4C12-9FBE-A671E98C00A2}.Release|x64.ActiveCfg = Release|Any CPU
		{54252487-F66B-4C12-9FBE-A671E98C00A2}.Release|x64.Build.0 = Release|Any CPU
		{54252487-F66B-4C12-9FBE-A671E98C00A2}.Release|x86.ActiveCfg = Release|Any CPU
		{54252487-F66B-4C12-9FBE-A671E98C00A2}.Release|x86.Build.0 = Release|Any CPU
		{96EA64FF-3FD1-4E9B-8855-0D9FAD73726B}.Debug|Any CPU.ActiveCfg = Debug|x86
		{96EA64FF-3FD1-4E9B-8855-0D9FAD73726B}.Debug|ARM.ActiveCfg = Debug|x86
		{96EA64FF-3FD1-4E9B-8855-0D9FAD73726B}.Debug|ARM64.ActiveCfg = Debug|x86
		{96EA64FF-3FD1-4E9B-8855-0D9FAD73726B}.Debug|Mixed Platforms.ActiveCfg = Debug|x86
		{96EA64FF-3FD1-4E9B-8855-0D9FAD73726B}.Debug|Mixed Platforms.Build.0 = Debug|x86
		{96EA64FF-3FD1-4E9B-8855-0D9FAD73726B}.Debug|x64.ActiveCfg = Debug|x86
		{96EA64FF-3FD1-4E9B-8855-0D9FAD73726B}.Debug|x86.ActiveCfg = Debug|x86
		{96EA64FF-3FD1-4E9B-8855-0D9FAD73726B}.Debug|x86.Build.0 = Debug|x86
		{96EA64FF-3FD1-4E9B-8855-0D9FAD73726B}.Release|Any CPU.ActiveCfg = Release|x86
		{96EA64FF-3FD1-4E9B-8855-0D9FAD73726B}.Release|ARM.ActiveCfg = Release|x86
		{96EA64FF-3FD1-4E9B-8855-0D9FAD73726B}.Release|ARM64.ActiveCfg = Release|x86
		{96EA64FF-3FD1-4E9B-8855-0D9FAD73726B}.Release|Mixed Platforms.ActiveCfg = Release|x86
		{96EA64FF-3FD1-4E9B-8855-0D9FAD73726B}.Release|Mixed Platforms.Build.0 = Release|x86
		{96EA64FF-3FD1-4E9B-8855-0D9FAD73726B}.Release|x64.ActiveCfg = Release|x86
		{96EA64FF-3FD1-4E9B-8855-0D9FAD73726B}.Release|x86.ActiveCfg = Release|x86
		{96EA64FF-3FD1-4E9B-8855-0D9FAD73726B}.Release|x86.Build.0 = Release|x86
	EndGlobalSection
	GlobalSection(SolutionProperties) = preSolution
		HideSolutionNode = FALSE
	EndGlobalSection
	GlobalSection(ExtensibilityGlobals) = postSolution
		SolutionGuid = {57082DB3-D263-4E48-9FD8-FA8A436462BC}
	EndGlobalSection
EndGlobal
